
Microsoft Visual Studio Solution File, Format Version 12.00
# Visual Studio Version 17
VisualStudioVersion = 17.9.34714.143
MinimumVisualStudioVersion = 10.0.40219.1
Project("{FAE04EC0-301F-11D3-BF4B-00C04F79EFBC}") = "WebsiteBanHang", "WebsiteBanHang\WebsiteBanHang.csproj", "{15622A46-3077-4643-8A51-62E5299FB279}"
EndProject
Project("{FAE04EC0-301F-11D3-BF4B-00C04F79EFBC}") = "Common", "Common\Common.csproj", "{1419CBB8-EE8E-47B1-BA42-A79DA6C1C675}"
EndProject
Global
	GlobalSection(SolutionConfigurationPlatforms) = preSolution
		Debug|Any CPU = Debug|Any CPU
		Release|Any CPU = Release|Any CPU
	EndGlobalSection
	GlobalSection(ProjectConfigurationPlatforms) = postSolution
		{15622A46-3077-4643-8A51-62E5299FB279}.Debug|Any CPU.ActiveCfg = Debug|Any CPU
		{15622A46-3077-4643-8A51-62E5299FB279}.Debug|Any CPU.Build.0 = Debug|Any CPU
		{15622A46-3077-4643-8A51-62E5299FB279}.Release|Any CPU.ActiveCfg = Release|Any CPU
		{15622A46-3077-4643-8A51-62E5299FB279}.Release|Any CPU.Build.0 = Release|Any CPU
		{1419CBB8-EE8E-47B1-BA42-A79DA6C1C675}.Debug|Any CPU.ActiveCfg = Debug|Any CPU
		{1419CBB8-EE8E-47B1-BA42-A79DA6C1C675}.Debug|Any CPU.Build.0 = Debug|Any CPU
		{1419CBB8-EE8E-47B1-BA42-A79DA6C1C675}.Release|Any CPU.ActiveCfg = Release|Any CPU
		{1419CBB8-EE8E-47B1-BA42-A79DA6C1C675}.Release|Any CPU.Build.0 = Release|Any CPU
	EndGlobalSection
	GlobalSection(SolutionProperties) = preSolution
		HideSolutionNode = FALSE
	EndGlobalSection
	GlobalSection(ExtensibilityGlobals) = postSolution
		SolutionGuid = {F7B514D7-3711-49BA-BB41-52A8F95C68D8}
	EndGlobalSection
EndGlobal
